
Microsoft Visual Studio Solution File, Format Version 11.00
# Visual Studio 2010
Project("{FAE04EC0-301F-11D3-BF4B-00C04F79EFBC}") = "WS", "WS\WS.csproj", "{EB22E2B2-2570-4C61-8213-419E04C01E50}"
EndProject
Global
	GlobalSection(SolutionConfigurationPlatforms) = preSolution
		Debug|Any CPU = Debug|Any CPU
		Release|Any CPU = Release|Any CPU
	EndGlobalSection
	GlobalSection(ProjectConfigurationPlatforms) = postSolution
		{EB22E2B2-2570-4C61-8213-419E04C01E50}.Debug|Any CPU.ActiveCfg = Debug|Any CPU
		{EB22E2B2-2570-4C61-8213-419E04C01E50}.Debug|Any CPU.Build.0 = Debug|Any CPU
		{EB22E2B2-2570-4C61-8213-419E04C01E50}.Release|Any CPU.ActiveCfg = Release|Any CPU
		{EB22E2B2-2570-4C61-8213-419E04C01E50}.Release|Any CPU.Build.0 = Release|Any CPU
	EndGlobalSection
	GlobalSection(SolutionProperties) = preSolution
		HideSolutionNode = FALSE
	EndGlobalSection
EndGlobal
